
Microsoft Visual Studio Solution File, Format Version 12.00
# Visual Studio Version 16
VisualStudioVersion = 16.0.32407.337
MinimumVisualStudioVersion = 10.0.40219.1
Project("{FAE04EC0-301F-11D3-BF4B-00C04F79EFBC}") = "NetworkAnarchy", "NetworkAnarchy\NetworkAnarchy.csproj", "{B64AC1A3-481B-435D-A48C-650C37F6C485}"
EndProject
Global
	GlobalSection(SolutionConfigurationPlatforms) = preSolution
		Debug|Any CPU = Debug|Any CPU
		Release|Any CPU = Release|Any CPU
	EndGlobalSection
	GlobalSection(ProjectConfigurationPlatforms) = postSolution
		{B64AC1A3-481B-435D-A48C-650C37F6C485}.Debug|Any CPU.ActiveCfg = Debug|Any CPU
		{B64AC1A3-481B-435D-A48C-650C37F6C485}.Debug|Any CPU.Build.0 = Debug|Any CPU
		{B64AC1A3-481B-435D-A48C-650C37F6C485}.Release|Any CPU.ActiveCfg = Release|Any CPU
		{B64AC1A3-481B-435D-A48C-650C37F6C485}.Release|Any CPU.Build.0 = Release|Any CPU
	EndGlobalSection
	GlobalSection(SolutionProperties) = preSolution
		HideSolutionNode = FALSE
	EndGlobalSection
	GlobalSection(ExtensibilityGlobals) = postSolution
		SolutionGuid = {3569DA8C-2C3E-4FF7-A1BD-3303C729AA0B}
	EndGlobalSection
EndGlobal
